
Microsoft Visual Studio Solution File, Format Version 12.00
# Visual Studio Version 17
VisualStudioVersion = 17.4.33502.350
MinimumVisualStudioVersion = 10.0.40219.1
Project("{FAE04EC0-301F-11D3-BF4B-00C04F79EFBC}") = "CaptureTool", "CaptureTool\CaptureTool.csproj", "{78D6CAE7-99DE-4645-ADDC-29F084520275}"
	ProjectSection(ProjectDependencies) = postProject
		{7B864063-A2C8-4EB0-8D39-A149F949FA8A} = {7B864063-A2C8-4EB0-8D39-A149F949FA8A}
	EndProjectSection
EndProject
Project("{FAE04EC0-301F-11D3-BF4B-00C04F79EFBC}") = "CallCompress", "CallCompress\CallCompress.csproj", "{7B864063-A2C8-4EB0-8D39-A149F949FA8A}"
EndProject
Global
	GlobalSection(SolutionConfigurationPlatforms) = preSolution
		Debug|Any CPU = Debug|Any CPU
		Release|Any CPU = Release|Any CPU
	EndGlobalSection
	GlobalSection(ProjectConfigurationPlatforms) = postSolution
		{78D6CAE7-99DE-4645-ADDC-29F084520275}.Debug|Any CPU.ActiveCfg = Debug|Any CPU
		{78D6CAE7-99DE-4645-ADDC-29F084520275}.Debug|Any CPU.Build.0 = Debug|Any CPU
		{78D6CAE7-99DE-4645-ADDC-29F084520275}.Release|Any CPU.ActiveCfg = Release|Any CPU
		{78D6CAE7-99DE-4645-ADDC-29F084520275}.Release|Any CPU.Build.0 = Release|Any CPU
		{7B864063-A2C8-4EB0-8D39-A149F949FA8A}.Debug|Any CPU.ActiveCfg = Debug|Any CPU
		{7B864063-A2C8-4EB0-8D39-A149F949FA8A}.Debug|Any CPU.Build.0 = Debug|Any CPU
		{7B864063-A2C8-4EB0-8D39-A149F949FA8A}.Release|Any CPU.ActiveCfg = Release|Any CPU
		{7B864063-A2C8-4EB0-8D39-A149F949FA8A}.Release|Any CPU.Build.0 = Release|Any CPU
	EndGlobalSection
	GlobalSection(SolutionProperties) = preSolution
		HideSolutionNode = FALSE
	EndGlobalSection
	GlobalSection(ExtensibilityGlobals) = postSolution
		SolutionGuid = {E39570B1-46BC-4F40-B6AF-0B57A3588168}
	EndGlobalSection
EndGlobal
